
Microsoft Visual Studio Solution File, Format Version 12.00
Project("{2150E333-8FDC-42A3-9474-1A3956D46DE8}") = "docs", "docs", "{49C66A0F-E375-4335-BA16-E9E353F1FF7F}"
	ProjectSection(SolutionItems) = preProject
		docs\DecisionSharp-design.md = docs\DecisionSharp-design.md
	EndProjectSection
EndProject
Project("{FAE04EC0-301F-11D3-BF4B-00C04F79EFBC}") = "DecisionSharp.Core", "DecisionSharp.Core\DecisionSharp.Core.csproj", "{6A7F24B7-B1E6-465B-967D-78FD1B6DA225}"
EndProject
Project("{2150E333-8FDC-42A3-9474-1A3956D46DE8}") = "tests", "tests", "{0AB3BF05-4346-4AA6-1389-037BE0695223}"
EndProject
Project("{FAE04EC0-301F-11D3-BF4B-00C04F79EFBC}") = "DecisionSharp.Tests", "tests\DecisionSharp.Tests\DecisionSharp.Tests.csproj", "{35FFD8D3-6CC5-4662-90FD-65216AAFAC01}"
EndProject
Project("{FAE04EC0-301F-11D3-BF4B-00C04F79EFBC}") = "DecisionSharp.Jev", "DecisionSharp.Jev\DecisionSharp.Jev.csproj", "{6A58BD02-953F-413B-BA3A-0C004B4910C4}"
EndProject
Project("{FAE04EC0-301F-11D3-BF4B-00C04F79EFBC}") = "DecisionSharp.Extensions.DependencyInjection", "DecisionSharp.Extensions.DependencyInjection\DecisionSharp.Extensions.DependencyInjection.csproj", "{AAD1CC50-71C8-4384-A823-28E7855EED6C}"
EndProject
Project("{FAE04EC0-301F-11D3-BF4B-00C04F79EFBC}") = "DecisionSharp.Reranking", "DecisionSharp.Reranking\DecisionSharp.Reranking.csproj", "{C359E661-F086-4481-851E-11E2D3871294}"
EndProject
Global
	GlobalSection(SolutionConfigurationPlatforms) = preSolution
		Debug|Any CPU = Debug|Any CPU
		Debug|x64 = Debug|x64
		Debug|x86 = Debug|x86
		Release|Any CPU = Release|Any CPU
		Release|x64 = Release|x64
		Release|x86 = Release|x86
	EndGlobalSection
	GlobalSection(ProjectConfigurationPlatforms) = postSolution
		{6A7F24B7-B1E6-465B-967D-78FD1B6DA225}.Debug|Any CPU.ActiveCfg = Debug|Any CPU
		{6A7F24B7-B1E6-465B-967D-78FD1B6DA225}.Debug|Any CPU.Build.0 = Debug|Any CPU
		{6A7F24B7-B1E6-465B-967D-78FD1B6DA225}.Debug|x64.ActiveCfg = Debug|Any CPU
		{6A7F24B7-B1E6-465B-967D-78FD1B6DA225}.Debug|x64.Build.0 = Debug|Any CPU
		{6A7F24B7-B1E6-465B-967D-78FD1B6DA225}.Debug|x86.ActiveCfg = Debug|Any CPU
		{6A7F24B7-B1E6-465B-967D-78FD1B6DA225}.Debug|x86.Build.0 = Debug|Any CPU
		{6A7F24B7-B1E6-465B-967D-78FD1B6DA225}.Release|Any CPU.ActiveCfg = Release|Any CPU
		{6A7F24B7-B1E6-465B-967D-78FD1B6DA225}.Release|Any CPU.Build.0 = Release|Any CPU
		{6A7F24B7-B1E6-465B-967D-78FD1B6DA225}.Release|x64.ActiveCfg = Release|Any CPU
		{6A7F24B7-B1E6-465B-967D-78FD1B6DA225}.Release|x64.Build.0 = Release|Any CPU
		{6A7F24B7-B1E6-465B-967D-78FD1B6DA225}.Release|x86.ActiveCfg = Release|Any CPU
		{6A7F24B7-B1E6-465B-967D-78FD1B6DA225}.Release|x86.Build.0 = Release|Any CPU
		{35FFD8D3-6CC5-4662-90FD-65216AAFAC01}.Debug|Any CPU.ActiveCfg = Debug|Any CPU
		{35FFD8D3-6CC5-4662-90FD-65216AAFAC01}.Debug|Any CPU.Build.0 = Debug|Any CPU
		{35FFD8D3-6CC5-4662-90FD-65216AAFAC01}.Debug|x64.ActiveCfg = Debug|Any CPU
		{35FFD8D3-6CC5-4662-90FD-65216AAFAC01}.Debug|x64.Build.0 = Debug|Any CPU
		{35FFD8D3-6CC5-4662-90FD-65216AAFAC01}.Debug|x86.ActiveCfg = Debug|Any CPU
		{35FFD8D3-6CC5-4662-90FD-65216AAFAC01}.Debug|x86.Build.0 = Debug|Any CPU
		{35FFD8D3-6CC5-4662-90FD-65216AAFAC01}.Release|Any CPU.ActiveCfg = Release|Any CPU
		{35FFD8D3-6CC5-4662-90FD-65216AAFAC01}.Release|Any CPU.Build.0 = Release|Any CPU
		{35FFD8D3-6CC5-4662-90FD-65216AAFAC01}.Release|x64.ActiveCfg = Release|Any CPU
		{35FFD8D3-6CC5-4662-90FD-65216AAFAC01}.Release|x64.Build.0 = Release|Any CPU
		{35FFD8D3-6CC5-4662-90FD-65216AAFAC01}.Release|x86.ActiveCfg = Release|Any CPU
		{35FFD8D3-6CC5-4662-90FD-65216AAFAC01}.Release|x86.Build.0 = Release|Any CPU
		{6A58BD02-953F-413B-BA3A-0C004B4910C4}.Debug|Any CPU.ActiveCfg = Debug|Any CPU
		{6A58BD02-953F-413B-BA3A-0C004B4910C4}.Debug|Any CPU.Build.0 = Debug|Any CPU
		{6A58BD02-953F-413B-BA3A-0C004B4910C4}.Debug|x64.ActiveCfg = Debug|Any CPU
		{6A58BD02-953F-413B-BA3A-0C004B4910C4}.Debug|x64.Build.0 = Debug|Any CPU
		{6A58BD02-953F-413B-BA3A-0C004B4910C4}.Debug|x86.ActiveCfg = Debug|Any CPU
		{6A58BD02-953F-413B-BA3A-0C004B4910C4}.Debug|x86.Build.0 = Debug|Any CPU
		{6A58BD02-953F-413B-BA3A-0C004B4910C4}.Release|Any CPU.ActiveCfg = Release|Any CPU
		{6A58BD02-953F-413B-BA3A-0C004B4910C4}.Release|Any CPU.Build.0 = Release|Any CPU
		{6A58BD02-953F-413B-BA3A-0C004B4910C4}.Release|x64.ActiveCfg = Release|Any CPU
		{6A58BD02-953F-413B-BA3A-0C004B4910C4}.Release|x64.Build.0 = Release|Any CPU
		{6A58BD02-953F-413B-BA3A-0C004B4910C4}.Release|x86.ActiveCfg = Release|Any CPU
		{6A58BD02-953F-413B-BA3A-0C004B4910C4}.Release|x86.Build.0 = Release|Any CPU
		{AAD1CC50-71C8-4384-A823-28E7855EED6C}.Debug|Any CPU.ActiveCfg = Debug|Any CPU
		{AAD1CC50-71C8-4384-A823-28E7855EED6C}.Debug|Any CPU.Build.0 = Debug|Any CPU
		{AAD1CC50-71C8-4384-A823-28E7855EED6C}.Debug|x64.ActiveCfg = Debug|Any CPU
		{AAD1CC50-71C8-4384-A823-28E7855EED6C}.Debug|x64.Build.0 = Debug|Any CPU
		{AAD1CC50-71C8-4384-A823-28E7855EED6C}.Debug|x86.ActiveCfg = Debug|Any CPU
		{AAD1CC50-71C8-4384-A823-28E7855EED6C}.Debug|x86.Build.0 = Debug|Any CPU
		{AAD1CC50-71C8-4384-A823-28E7855EED6C}.Release|Any CPU.ActiveCfg = Release|Any CPU
		{AAD1CC50-71C8-4384-A823-28E7855EED6C}.Release|Any CPU.Build.0 = Release|Any CPU
		{AAD1CC50-71C8-4384-A823-28E7855EED6C}.Release|x64.ActiveCfg = Release|Any CPU
		{AAD1CC50-71C8-4384-A823-28E7855EED6C}.Release|x64.Build.0 = Release|Any CPU
		{AAD1CC50-71C8-4384-A823-28E7855EED6C}.Release|x86.ActiveCfg = Release|Any CPU
		{AAD1CC50-71C8-4384-A823-28E7855EED6C}.Release|x86.Build.0 = Release|Any CPU
		{C359E661-F086-4481-851E-11E2D3871294}.Debug|Any CPU.ActiveCfg = Debug|Any CPU
		{C359E661-F086-4481-851E-11E2D3871294}.Debug|Any CPU.Build.0 = Debug|Any CPU
		{C359E661-F086-4481-851E-11E2D3871294}.Debug|x64.ActiveCfg = Debug|Any CPU
		{C359E661-F086-4481-851E-11E2D3871294}.Debug|x64.Build.0 = Debug|Any CPU
		{C359E661-F086-4481-851E-11E2D3871294}.Debug|x86.ActiveCfg = Debug|Any CPU
		{C359E661-F086-4481-851E-11E2D3871294}.Debug|x86.Build.0 = Debug|Any CPU
		{C359E661-F086-4481-851E-11E2D3871294}.Release|Any CPU.ActiveCfg = Release|Any CPU
		{C359E661-F086-4481-851E-11E2D3871294}.Release|Any CPU.Build.0 = Release|Any CPU
		{C359E661-F086-4481-851E-11E2D3871294}.Release|x64.ActiveCfg = Release|Any CPU
		{C359E661-F086-4481-851E-11E2D3871294}.Release|x64.Build.0 = Release|Any CPU
		{C359E661-F086-4481-851E-11E2D3871294}.Release|x86.ActiveCfg = Release|Any CPU
		{C359E661-F086-4481-851E-11E2D3871294}.Release|x86.Build.0 = Release|Any CPU
	EndGlobalSection
	GlobalSection(SolutionProperties) = preSolution
		HideSolutionNode = FALSE
	EndGlobalSection
	GlobalSection(NestedProjects) = preSolution
		{35FFD8D3-6CC5-4662-90FD-65216AAFAC01} = {0AB3BF05-4346-4AA6-1389-037BE0695223}
	EndGlobalSection
EndGlobal
